{
  "object": {
    "pins": [
      {
        "package": "NumPy-iOS",
        "repositoryURL": "https://github.com/kewlbear/NumPy-iOS.git",
        "state": {
          "branch": "main",
          "revision": "c27e79ea5485f5b727aaaf330635f7d423513100",
          "version": null
        }
      },
      {
        "package": "Python-iOS",
        "repositoryURL": "https://github.com/kewlbear/Python-iOS.git",
        "state": {
          "branch": "3.8_kivy-ios",
          "revision": "f5333228b625560a90c17d9e2d3a9b2aac6967a9",
          "version": null
        }
      }
    ]
  },
  "version": 1
}
